// !$*UTF8*$!
{
	archiveVersion = 1;
	classes = {
	};
	objectVersion = 70;
	objects = {

/* Begin PBXBuildFile section */
		189CDE232C3409C400837206 /* RealityKitContent in Frameworks */ = {isa = PBXBuildFile; productRef = 189CDE222C3409C400837206 /* RealityKitContent */; };
		189CDE252C3409C400837206 /* PokemonsApp.swift in Sources */ = {isa = PBXBuildFile; fileRef = 189CDE242C3409C400837206 /* PokemonsApp.swift */; };
		189CDE2F2C3409C500837206 /* Assets.xcassets in Resources */ = {isa = PBXBuildFile; fileRef = 189CDE2E2C3409C500837206 /* Assets.xcassets */; };
		189CDE322C3409C500837206 /* Preview Assets.xcassets in Resources */ = {isa = PBXBuildFile; fileRef = 189CDE312C3409C500837206 /* Preview Assets.xcassets */; };
		189CDE442C341B1F00837206 /* 25.gif in Resources */ = {isa = PBXBuildFile; fileRef = 189CDE432C341B1F00837206 /* 25.gif */; };
		189CDE462C341CEE00837206 /* 25_back.gif in Resources */ = {isa = PBXBuildFile; fileRef = 189CDE452C341CEE00837206 /* 25_back.gif */; };
/* End PBXBuildFile section */

/* Begin PBXFileReference section */
		189CDE1D2C3409C400837206 /* Pokemons.app */ = {isa = PBXFileReference; explicitFileType = wrapper.application; includeInIndex = 0; path = Pokemons.app; sourceTree = BUILT_PRODUCTS_DIR; };
		189CDE212C3409C400837206 /* RealityKitContent */ = {isa = PBXFileReference; lastKnownFileType = wrapper; path = RealityKitContent; sourceTree = "<group>"; };
		189CDE242C3409C400837206 /* PokemonsApp.swift */ = {isa = PBXFileReference; lastKnownFileType = sourcecode.swift; path = PokemonsApp.swift; sourceTree = "<group>"; };
		189CDE2E2C3409C500837206 /* Assets.xcassets */ = {isa = PBXFileReference; lastKnownFileType = folder.assetcatalog; path = Assets.xcassets; sourceTree = "<group>"; };
		189CDE312C3409C500837206 /* Preview Assets.xcassets */ = {isa = PBXFileReference; lastKnownFileType = folder.assetcatalog; path = "Preview Assets.xcassets"; sourceTree = "<group>"; };
		189CDE332C3409C500837206 /* Info.plist */ = {isa = PBXFileReference; lastKnownFileType = text.plist.xml; path = Info.plist; sourceTree = "<group>"; };
		189CDE432C341B1F00837206 /* 25.gif */ = {isa = PBXFileReference; lastKnownFileType = image.gif; path = 25.gif; sourceTree = "<group>"; };
		189CDE452C341CEE00837206 /* 25_back.gif */ = {isa = PBXFileReference; lastKnownFileType = image.gif; path = 25_back.gif; sourceTree = "<group>"; };
/* End PBXFileReference section */

/* Begin PBXFileSystemSynchronizedBuildFileExceptionSet section */
		189CDE482C34315700837206 /* PBXFileSystemSynchronizedBuildFileExceptionSet */ = {
			isa = PBXFileSystemSynchronizedBuildFileExceptionSet;
			membershipExceptions = (
				ImmersiveView.swift,
				ToggleImmersiveSpaceButton.swift,
			);
			target = 189CDE1C2C3409C400837206 /* Pokemons */;
		};
		189CDE4A2C34316300837206 /* PBXFileSystemSynchronizedBuildFileExceptionSet */ = {
			isa = PBXFileSystemSynchronizedBuildFileExceptionSet;
			membershipExceptions = (
				AppModel.swift,
				PokemonModel.swift,
			);
			target = 189CDE1C2C3409C400837206 /* Pokemons */;
		};
		189CDE4C2C34317600837206 /* PBXFileSystemSynchronizedBuildFileExceptionSet */ = {
			isa = PBXFileSystemSynchronizedBuildFileExceptionSet;
			membershipExceptions = (
				"UIImage+.swift",
				UIImageView.swift,
			);
			target = 189CDE1C2C3409C400837206 /* Pokemons */;
		};
		189CDE4E2C34319400837206 /* PBXFileSystemSynchronizedBuildFileExceptionSet */ = {
			isa = PBXFileSystemSynchronizedBuildFileExceptionSet;
			membershipExceptions = (
				AddPokemonView.swift,
				AnimatedPokemonView.swift,
				ContentView.swift,
			);
			target = 189CDE1C2C3409C400837206 /* Pokemons */;
		};
/* End PBXFileSystemSynchronizedBuildFileExceptionSet section */

/* Begin PBXFileSystemSynchronizedRootGroup section */
		189CDE472C34315600837206 /* Spaces */ = {isa = PBXFileSystemSynchronizedRootGroup; exceptions = (189CDE482C34315700837206 /* PBXFileSystemSynchronizedBuildFileExceptionSet */, ); explicitFileTypes = {}; explicitFolders = (); path = Spaces; sourceTree = "<group>"; };
		189CDE492C34316300837206 /* Models */ = {isa = PBXFileSystemSynchronizedRootGroup; exceptions = (189CDE4A2C34316300837206 /* PBXFileSystemSynchronizedBuildFileExceptionSet */, ); explicitFileTypes = {}; explicitFolders = (); path = Models; sourceTree = "<group>"; };
		189CDE4B2C34317600837206 /* Helpers */ = {isa = PBXFileSystemSynchronizedRootGroup; exceptions = (189CDE4C2C34317600837206 /* PBXFileSystemSynchronizedBuildFileExceptionSet */, ); explicitFileTypes = {}; explicitFolders = (); path = Helpers; sourceTree = "<group>"; };
		189CDE4D2C34319400837206 /* Views */ = {isa = PBXFileSystemSynchronizedRootGroup; exceptions = (189CDE4E2C34319400837206 /* PBXFileSystemSynchronizedBuildFileExceptionSet */, ); explicitFileTypes = {}; explicitFolders = (); path = Views; sourceTree = "<group>"; };
/* End PBXFileSystemSynchronizedRootGroup section */

/* Begin PBXFrameworksBuildPhase section */
		189CDE1A2C3409C400837206 /* Frameworks */ = {
			isa = PBXFrameworksBuildPhase;
			buildActionMask = 2147483647;
			files = (
				189CDE232C3409C400837206 /* RealityKitContent in Frameworks */,
			);
			runOnlyForDeploymentPostprocessing = 0;
		};
/* End PBXFrameworksBuildPhase section */

/* Begin PBXGroup section */
		189CDE142C3409C400837206 = {
			isa = PBXGroup;
			children = (
				189CDE1F2C3409C400837206 /* Pokemons */,
				189CDE202C3409C400837206 /* Packages */,
				189CDE1E2C3409C400837206 /* Products */,
			);
			sourceTree = "<group>";
		};
		189CDE1E2C3409C400837206 /* Products */ = {
			isa = PBXGroup;
			children = (
				189CDE1D2C3409C400837206 /* Pokemons.app */,
			);
			name = Products;
			sourceTree = "<group>";
		};
		189CDE1F2C3409C400837206 /* Pokemons */ = {
			isa = PBXGroup;
			children = (
				189CDE242C3409C400837206 /* PokemonsApp.swift */,
				189CDE492C34316300837206 /* Models */,
				189CDE472C34315600837206 /* Spaces */,
				189CDE4D2C34319400837206 /* Views */,
				189CDE4B2C34317600837206 /* Helpers */,
				189CDE2E2C3409C500837206 /* Assets.xcassets */,
				189CDE332C3409C500837206 /* Info.plist */,
				189CDE302C3409C500837206 /* Preview Content */,
				189CDE432C341B1F00837206 /* 25.gif */,
				189CDE452C341CEE00837206 /* 25_back.gif */,
			);
			path = Pokemons;
			sourceTree = "<group>";
		};
		189CDE202C3409C400837206 /* Packages */ = {
			isa = PBXGroup;
			children = (
				189CDE212C3409C400837206 /* RealityKitContent */,
			);
			path = Packages;
			sourceTree = "<group>";
		};
		189CDE302C3409C500837206 /* Preview Content */ = {
			isa = PBXGroup;
			children = (
				189CDE312C3409C500837206 /* Preview Assets.xcassets */,
			);
			path = "Preview Content";
			sourceTree = "<group>";
		};
/* End PBXGroup section */

/* Begin PBXNativeTarget section */
		189CDE1C2C3409C400837206 /* Pokemons */ = {
			isa = PBXNativeTarget;
			buildConfigurationList = 189CDE362C3409C500837206 /* Build configuration list for PBXNativeTarget "Pokemons" */;
			buildPhases = (
				189CDE192C3409C400837206 /* Sources */,
				189CDE1A2C3409C400837206 /* Frameworks */,
				189CDE1B2C3409C400837206 /* Resources */,
			);
			buildRules = (
			);
			dependencies = (
			);
			name = Pokemons;
			packageProductDependencies = (
				189CDE222C3409C400837206 /* RealityKitContent */,
			);
			productName = Pokemons;
			productReference = 189CDE1D2C3409C400837206 /* Pokemons.app */;
			productType = "com.apple.product-type.application";
		};
/* End PBXNativeTarget section */

/* Begin PBXProject section */
		189CDE152C3409C400837206 /* Project object */ = {
			isa = PBXProject;
			attributes = {
				BuildIndependentTargetsInParallel = 1;
				LastSwiftUpdateCheck = 1600;
				LastUpgradeCheck = 1600;
				TargetAttributes = {
					189CDE1C2C3409C400837206 = {
						CreatedOnToolsVersion = 16.0;
					};
				};
			};
			buildConfigurationList = 189CDE182C3409C400837206 /* Build configuration list for PBXProject "Pokemons" */;
			compatibilityVersion = "Xcode 15.0";
			developmentRegion = en;
			hasScannedForEncodings = 0;
			knownRegions = (
				en,
				Base,
			);
			mainGroup = 189CDE142C3409C400837206;
			productRefGroup = 189CDE1E2C3409C400837206 /* Products */;
			projectDirPath = "";
			projectRoot = "";
			targets = (
				189CDE1C2C3409C400837206 /* Pokemons */,
			);
		};
/* End PBXProject section */

/* Begin PBXResourcesBuildPhase section */
		189CDE1B2C3409C400837206 /* Resources */ = {
			isa = PBXResourcesBuildPhase;
			buildActionMask = 2147483647;
			files = (
				189CDE442C341B1F00837206 /* 25.gif in Resources */,
				189CDE322C3409C500837206 /* Preview Assets.xcassets in Resources */,
				189CDE462C341CEE00837206 /* 25_back.gif in Resources */,
				189CDE2F2C3409C500837206 /* Assets.xcassets in Resources */,
			);
			runOnlyForDeploymentPostprocessing = 0;
		};
/* End PBXResourcesBuildPhase section */

/* Begin PBXSourcesBuildPhase section */
		189CDE192C3409C400837206 /* Sources */ = {
			isa = PBXSourcesBuildPhase;
			buildActionMask = 2147483647;
			files = (
				189CDE252C3409C400837206 /* PokemonsApp.swift in Sources */,
			);
			runOnlyForDeploymentPostprocessing = 0;
		};
/* End PBXSourcesBuildPhase section */

/* Begin XCBuildConfiguration section */
		189CDE342C3409C500837206 /* Debug */ = {
			isa = XCBuildConfiguration;
			buildSettings = {
				ALWAYS_SEARCH_USER_PATHS = NO;
				ASSETCATALOG_COMPILER_GENERATE_SWIFT_ASSET_SYMBOL_EXTENSIONS = YES;
				CLANG_ANALYZER_NONNULL = YES;
				CLANG_ANALYZER_NUMBER_OBJECT_CONVERSION = YES_AGGRESSIVE;
				CLANG_CXX_LANGUAGE_STANDARD = "gnu++20";
				CLANG_ENABLE_MODULES = YES;
				CLANG_ENABLE_OBJC_ARC = YES;
				CLANG_ENABLE_OBJC_WEAK = YES;
				CLANG_WARN_BLOCK_CAPTURE_AUTORELEASING = YES;
				CLANG_WARN_BOOL_CONVERSION = YES;
				CLANG_WARN_COMMA = YES;
				CLANG_WARN_CONSTANT_CONVERSION = YES;
				CLANG_WARN_DEPRECATED_OBJC_IMPLEMENTATIONS = YES;
				CLANG_WARN_DIRECT_OBJC_ISA_USAGE = YES_ERROR;
				CLANG_WARN_DOCUMENTATION_COMMENTS = YES;
				CLANG_WARN_EMPTY_BODY = YES;
				CLANG_WARN_ENUM_CONVERSION = YES;
				CLANG_WARN_INFINITE_RECURSION = YES;
				CLANG_WARN_INT_CONVERSION = YES;
				CLANG_WARN_NON_LITERAL_NULL_CONVERSION = YES;
				CLANG_WARN_OBJC_IMPLICIT_RETAIN_SELF = YES;
				CLANG_WARN_OBJC_LITERAL_CONVERSION = YES;
				CLANG_WARN_OBJC_ROOT_CLASS = YES_ERROR;
				CLANG_WARN_QUOTED_INCLUDE_IN_FRAMEWORK_HEADER = YES;
				CLANG_WARN_RANGE_LOOP_ANALYSIS = YES;
				CLANG_WARN_STRICT_PROTOTYPES = YES;
				CLANG_WARN_SUSPICIOUS_MOVE = YES;
				CLANG_WARN_UNGUARDED_AVAILABILITY = YES_AGGRESSIVE;
				CLANG_WARN_UNREACHABLE_CODE = YES;
				CLANG_WARN__DUPLICATE_METHOD_MATCH = YES;
				COPY_PHASE_STRIP = NO;
				DEBUG_INFORMATION_FORMAT = dwarf;
				ENABLE_STRICT_OBJC_MSGSEND = YES;
				ENABLE_TESTABILITY = YES;
				ENABLE_USER_SCRIPT_SANDBOXING = YES;
				GCC_C_LANGUAGE_STANDARD = gnu17;
				GCC_DYNAMIC_NO_PIC = NO;
				GCC_NO_COMMON_BLOCKS = YES;
				GCC_OPTIMIZATION_LEVEL = 0;
				GCC_PREPROCESSOR_DEFINITIONS = (
					"DEBUG=1",
					"$(inherited)",
				);
				GCC_WARN_64_TO_32_BIT_CONVERSION = YES;
				GCC_WARN_ABOUT_RETURN_TYPE = YES_ERROR;
				GCC_WARN_UNDECLARED_SELECTOR = YES;
				GCC_WARN_UNINITIALIZED_AUTOS = YES_AGGRESSIVE;
				GCC_WARN_UNUSED_FUNCTION = YES;
				GCC_WARN_UNUSED_VARIABLE = YES;
				LOCALIZATION_PREFERS_STRING_CATALOGS = YES;
				MTL_ENABLE_DEBUG_INFO = INCLUDE_SOURCE;
				MTL_FAST_MATH = YES;
				ONLY_ACTIVE_ARCH = YES;
				SDKROOT = xros;
				SWIFT_ACTIVE_COMPILATION_CONDITIONS = "DEBUG $(inherited)";
				SWIFT_OPTIMIZATION_LEVEL = "-Onone";
				XROS_DEPLOYMENT_TARGET = 2.0;
			};
			name = Debug;
		};
		189CDE352C3409C500837206 /* Release */ = {
			isa = XCBuildConfiguration;
			buildSettings = {
				ALWAYS_SEARCH_USER_PATHS = NO;
				ASSETCATALOG_COMPILER_GENERATE_SWIFT_ASSET_SYMBOL_EXTENSIONS = YES;
				CLANG_ANALYZER_NONNULL = YES;
				CLANG_ANALYZER_NUMBER_OBJECT_CONVERSION = YES_AGGRESSIVE;
				CLANG_CXX_LANGUAGE_STANDARD = "gnu++20";
				CLANG_ENABLE_MODULES = YES;
				CLANG_ENABLE_OBJC_ARC = YES;
				CLANG_ENABLE_OBJC_WEAK = YES;
				CLANG_WARN_BLOCK_CAPTURE_AUTORELEASING = YES;
				CLANG_WARN_BOOL_CONVERSION = YES;
				CLANG_WARN_COMMA = YES;
				CLANG_WARN_CONSTANT_CONVERSION = YES;
				CLANG_WARN_DEPRECATED_OBJC_IMPLEMENTATIONS = YES;
				CLANG_WARN_DIRECT_OBJC_ISA_USAGE = YES_ERROR;
				CLANG_WARN_DOCUMENTATION_COMMENTS = YES;
				CLANG_WARN_EMPTY_BODY = YES;
				CLANG_WARN_ENUM_CONVERSION = YES;
				CLANG_WARN_INFINITE_RECURSION = YES;
				CLANG_WARN_INT_CONVERSION = YES;
				CLANG_WARN_NON_LITERAL_NULL_CONVERSION = YES;
				CLANG_WARN_OBJC_IMPLICIT_RETAIN_SELF = YES;
				CLANG_WARN_OBJC_LITERAL_CONVERSION = YES;
				CLANG_WARN_OBJC_ROOT_CLASS = YES_ERROR;
				CLANG_WARN_QUOTED_INCLUDE_IN_FRAMEWORK_HEADER = YES;
				CLANG_WARN_RANGE_LOOP_ANALYSIS = YES;
				CLANG_WARN_STRICT_PROTOTYPES = YES;
				CLANG_WARN_SUSPICIOUS_MOVE = YES;
				CLANG_WARN_UNGUARDED_AVAILABILITY = YES_AGGRESSIVE;
				CLANG_WARN_UNREACHABLE_CODE = YES;
				CLANG_WARN__DUPLICATE_METHOD_MATCH = YES;
				COPY_PHASE_STRIP = NO;
				DEBUG_INFORMATION_FORMAT = "dwarf-with-dsym";
				ENABLE_NS_ASSERTIONS = NO;
				ENABLE_STRICT_OBJC_MSGSEND = YES;
				ENABLE_USER_SCRIPT_SANDBOXING = YES;
				GCC_C_LANGUAGE_STANDARD = gnu17;
				GCC_NO_COMMON_BLOCKS = YES;
				GCC_WARN_64_TO_32_BIT_CONVERSION = YES;
				GCC_WARN_ABOUT_RETURN_TYPE = YES_ERROR;
				GCC_WARN_UNDECLARED_SELECTOR = YES;
				GCC_WARN_UNINITIALIZED_AUTOS = YES_AGGRESSIVE;
				GCC_WARN_UNUSED_FUNCTION = YES;
				GCC_WARN_UNUSED_VARIABLE = YES;
				LOCALIZATION_PREFERS_STRING_CATALOGS = YES;
				MTL_ENABLE_DEBUG_INFO = NO;
				MTL_FAST_MATH = YES;
				SDKROOT = xros;
				SWIFT_COMPILATION_MODE = wholemodule;
				VALIDATE_PRODUCT = YES;
				XROS_DEPLOYMENT_TARGET = 2.0;
			};
			name = Release;
		};
		189CDE372C3409C500837206 /* Debug */ = {
			isa = XCBuildConfiguration;
			buildSettings = {
				ASSETCATALOG_COMPILER_APPICON_NAME = AppIcon;
				ASSETCATALOG_COMPILER_GLOBAL_ACCENT_COLOR_NAME = AccentColor;
				CODE_SIGN_STYLE = Automatic;
				CURRENT_PROJECT_VERSION = 1;
				DEVELOPMENT_ASSET_PATHS = "\"Pokemons/Preview Content\"";
				DEVELOPMENT_TEAM = JNUT2R5N93;
				ENABLE_PREVIEWS = YES;
				GENERATE_INFOPLIST_FILE = YES;
				INFOPLIST_FILE = "$(TARGET_NAME)/Info.plist";
				LD_RUNPATH_SEARCH_PATHS = (
					"$(inherited)",
					"@executable_path/Frameworks",
				);
				MARKETING_VERSION = 1.0;
				PRODUCT_BUNDLE_IDENTIFIER = org.thakur.Pokemons;
				PRODUCT_NAME = "$(TARGET_NAME)";
				SUPPORTED_PLATFORMS = "xros xrsimulator";
				SWIFT_EMIT_LOC_STRINGS = YES;
				SWIFT_VERSION = 5.0;
				TARGETED_DEVICE_FAMILY = 7;
				XROS_DEPLOYMENT_TARGET = 1.0;
			};
			name = Debug;
		};
		189CDE382C3409C500837206 /* Release */ = {
			isa = XCBuildConfiguration;
			buildSettings = {
				ASSETCATALOG_COMPILER_APPICON_NAME = AppIcon;
				ASSETCATALOG_COMPILER_GLOBAL_ACCENT_COLOR_NAME = AccentColor;
				CODE_SIGN_STYLE = Automatic;
				CURRENT_PROJECT_VERSION = 1;
				DEVELOPMENT_ASSET_PATHS = "\"Pokemons/Preview Content\"";
				DEVELOPMENT_TEAM = JNUT2R5N93;
				ENABLE_PREVIEWS = YES;
				GENERATE_INFOPLIST_FILE = YES;
				INFOPLIST_FILE = "$(TARGET_NAME)/Info.plist";
				LD_RUNPATH_SEARCH_PATHS = (
					"$(inherited)",
					"@executable_path/Frameworks",
				);
				MARKETING_VERSION = 1.0;
				PRODUCT_BUNDLE_IDENTIFIER = org.thakur.Pokemons;
				PRODUCT_NAME = "$(TARGET_NAME)";
				SUPPORTED_PLATFORMS = "xros xrsimulator";
				SWIFT_EMIT_LOC_STRINGS = YES;
				SWIFT_VERSION = 5.0;
				TARGETED_DEVICE_FAMILY = 7;
				XROS_DEPLOYMENT_TARGET = 1.0;
			};
			name = Release;
		};
/* End XCBuildConfiguration section */

/* Begin XCConfigurationList section */
		189CDE182C3409C400837206 /* Build configuration list for PBXProject "Pokemons" */ = {
			isa = XCConfigurationList;
			buildConfigurations = (
				189CDE342C3409C500837206 /* Debug */,
				189CDE352C3409C500837206 /* Release */,
			);
			defaultConfigurationIsVisible = 0;
			defaultConfigurationName = Release;
		};
		189CDE362C3409C500837206 /* Build configuration list for PBXNativeTarget "Pokemons" */ = {
			isa = XCConfigurationList;
			buildConfigurations = (
				189CDE372C3409C500837206 /* Debug */,
				189CDE382C3409C500837206 /* Release */,
			);
			defaultConfigurationIsVisible = 0;
			defaultConfigurationName = Release;
		};
/* End XCConfigurationList section */

/* Begin XCSwiftPackageProductDependency section */
		189CDE222C3409C400837206 /* RealityKitContent */ = {
			isa = XCSwiftPackageProductDependency;
			productName = RealityKitContent;
		};
/* End XCSwiftPackageProductDependency section */
	};
	rootObject = 189CDE152C3409C400837206 /* Project object */;
}
